# Generated dependency record. Update this file whenever hudlib.aar is rebuilt.
source_repository=https://github.com/vincenzobpt/ridedaemon-lib
source_commit=43882b836d43518378411ccc00518bee90a092d0
source_dirty=true
gomobile_android_api=34
artifact=apps/android/app/libs/hudlib.aar
sha256=2122405ce9898d225696fbd35e0a4f1128889c5a1c02ec345cbf3f08d92e7399
license=GPL-3.0-only
